// !$*UTF8*$!
{
	archiveVersion = 1;
	classes = {
	};
	objectVersion = 56;
	objects = {

/* Begin PBXBuildFile section */
		050DD9D52A8E88AB003FFF0A /* AuthenticateModel.swift in Sources */ = {isa = PBXBuildFile; fileRef = 050DD9D42A8E88AB003FFF0A /* AuthenticateModel.swift */; };
		050DD9D72A8E8900003FFF0A /* User.swift in Sources */ = {isa = PBXBuildFile; fileRef = 050DD9D62A8E8900003FFF0A /* User.swift */; };
		050DD9D92A8E8FEB003FFF0A /* AuthenticateVM.swift in Sources */ = {isa = PBXBuildFile; fileRef = 050DD9D82A8E8FEB003FFF0A /* AuthenticateVM.swift */; };
		050DD9DB2A8E90FE003FFF0A /* AuthenticateRepository.swift in Sources */ = {isa = PBXBuildFile; fileRef = 050DD9DA2A8E90FE003FFF0A /* AuthenticateRepository.swift */; };
		050DD9DF2A8EA048003FFF0A /* SessionResponse.swift in Sources */ = {isa = PBXBuildFile; fileRef = 050DD9DE2A8EA048003FFF0A /* SessionResponse.swift */; };
		050DD9E12A8EA621003FFF0A /* TokenModel.swift in Sources */ = {isa = PBXBuildFile; fileRef = 050DD9E02A8EA621003FFF0A /* TokenModel.swift */; };
		050DD9E42A8EECD7003FFF0A /* GenreModel.swift in Sources */ = {isa = PBXBuildFile; fileRef = 050DD9E32A8EECD7003FFF0A /* GenreModel.swift */; };
		050DD9E62A8EECF1003FFF0A /* GenreDTO.swift in Sources */ = {isa = PBXBuildFile; fileRef = 050DD9E52A8EECF1003FFF0A /* GenreDTO.swift */; };
		050DD9E82A8EEECE003FFF0A /* MovieRepository.swift in Sources */ = {isa = PBXBuildFile; fileRef = 050DD9E72A8EEECE003FFF0A /* MovieRepository.swift */; };
		050DD9EA2A8F231D003FFF0A /* MovieDTO.swift in Sources */ = {isa = PBXBuildFile; fileRef = 050DD9E92A8F231D003FFF0A /* MovieDTO.swift */; };
		054B1CE42A8D9C2D002CCC2B /* MoviesAppApp.swift in Sources */ = {isa = PBXBuildFile; fileRef = 054B1CE32A8D9C2D002CCC2B /* MoviesAppApp.swift */; };
		054B1CE62A8D9C2D002CCC2B /* ContentView.swift in Sources */ = {isa = PBXBuildFile; fileRef = 054B1CE52A8D9C2D002CCC2B /* ContentView.swift */; };
		054B1CE82A8D9C2F002CCC2B /* Assets.xcassets in Resources */ = {isa = PBXBuildFile; fileRef = 054B1CE72A8D9C2F002CCC2B /* Assets.xcassets */; };
		054B1CEB2A8D9C2F002CCC2B /* Preview Assets.xcassets in Resources */ = {isa = PBXBuildFile; fileRef = 054B1CEA2A8D9C2F002CCC2B /* Preview Assets.xcassets */; };
		054B1CF52A8D9C2F002CCC2B /* MoviesAppTests.swift in Sources */ = {isa = PBXBuildFile; fileRef = 054B1CF42A8D9C2F002CCC2B /* MoviesAppTests.swift */; };
		054B1CFF2A8D9C2F002CCC2B /* MoviesAppUITests.swift in Sources */ = {isa = PBXBuildFile; fileRef = 054B1CFE2A8D9C2F002CCC2B /* MoviesAppUITests.swift */; };
		054B1D012A8D9C2F002CCC2B /* MoviesAppUITestsLaunchTests.swift in Sources */ = {isa = PBXBuildFile; fileRef = 054B1D002A8D9C2F002CCC2B /* MoviesAppUITestsLaunchTests.swift */; };
		054B1D112A8D9E2D002CCC2B /* LoginView.swift in Sources */ = {isa = PBXBuildFile; fileRef = 054B1D102A8D9E2D002CCC2B /* LoginView.swift */; };
		054B1D132A8DCFC3002CCC2B /* Request.swift in Sources */ = {isa = PBXBuildFile; fileRef = 054B1D122A8DCFC3002CCC2B /* Request.swift */; };
		054B1D152A8DD137002CCC2B /* Network.swift in Sources */ = {isa = PBXBuildFile; fileRef = 054B1D142A8DD137002CCC2B /* Network.swift */; };
		05FF149B2A8FF4CC00D34801 /* MovieRequestModel.swift in Sources */ = {isa = PBXBuildFile; fileRef = 05FF149A2A8FF4CC00D34801 /* MovieRequestModel.swift */; };
		05FF149D2A8FF96300D34801 /* MovieView.swift in Sources */ = {isa = PBXBuildFile; fileRef = 05FF149C2A8FF96300D34801 /* MovieView.swift */; };
		05FF149F2A8FF9A500D34801 /* MovieVM.swift in Sources */ = {isa = PBXBuildFile; fileRef = 05FF149E2A8FF9A500D34801 /* MovieVM.swift */; };
/* End PBXBuildFile section */

/* Begin PBXContainerItemProxy section */
		054B1CF12A8D9C2F002CCC2B /* PBXContainerItemProxy */ = {
			isa = PBXContainerItemProxy;
			containerPortal = 054B1CD82A8D9C2D002CCC2B /* Project object */;
			proxyType = 1;
			remoteGlobalIDString = 054B1CDF2A8D9C2D002CCC2B;
			remoteInfo = MoviesApp;
		};
		054B1CFB2A8D9C2F002CCC2B /* PBXContainerItemProxy */ = {
			isa = PBXContainerItemProxy;
			containerPortal = 054B1CD82A8D9C2D002CCC2B /* Project object */;
			proxyType = 1;
			remoteGlobalIDString = 054B1CDF2A8D9C2D002CCC2B;
			remoteInfo = MoviesApp;
		};
/* End PBXContainerItemProxy section */

/* Begin PBXFileReference section */
		050DD9D42A8E88AB003FFF0A /* AuthenticateModel.swift */ = {isa = PBXFileReference; lastKnownFileType = sourcecode.swift; path = AuthenticateModel.swift; sourceTree = "<group>"; };
		050DD9D62A8E8900003FFF0A /* User.swift */ = {isa = PBXFileReference; lastKnownFileType = sourcecode.swift; path = User.swift; sourceTree = "<group>"; };
		050DD9D82A8E8FEB003FFF0A /* AuthenticateVM.swift */ = {isa = PBXFileReference; lastKnownFileType = sourcecode.swift; path = AuthenticateVM.swift; sourceTree = "<group>"; };
		050DD9DA2A8E90FE003FFF0A /* AuthenticateRepository.swift */ = {isa = PBXFileReference; lastKnownFileType = sourcecode.swift; path = AuthenticateRepository.swift; sourceTree = "<group>"; };
		050DD9DE2A8EA048003FFF0A /* SessionResponse.swift */ = {isa = PBXFileReference; lastKnownFileType = sourcecode.swift; path = SessionResponse.swift; sourceTree = "<group>"; };
		050DD9E02A8EA621003FFF0A /* TokenModel.swift */ = {isa = PBXFileReference; lastKnownFileType = sourcecode.swift; path = TokenModel.swift; sourceTree = "<group>"; };
		050DD9E32A8EECD7003FFF0A /* GenreModel.swift */ = {isa = PBXFileReference; lastKnownFileType = sourcecode.swift; path = GenreModel.swift; sourceTree = "<group>"; };
		050DD9E52A8EECF1003FFF0A /* GenreDTO.swift */ = {isa = PBXFileReference; lastKnownFileType = sourcecode.swift; path = GenreDTO.swift; sourceTree = "<group>"; };
		050DD9E72A8EEECE003FFF0A /* MovieRepository.swift */ = {isa = PBXFileReference; lastKnownFileType = sourcecode.swift; path = MovieRepository.swift; sourceTree = "<group>"; };
		050DD9E92A8F231D003FFF0A /* MovieDTO.swift */ = {isa = PBXFileReference; lastKnownFileType = sourcecode.swift; path = MovieDTO.swift; sourceTree = "<group>"; };
		054B1CE02A8D9C2D002CCC2B /* MoviesApp.app */ = {isa = PBXFileReference; explicitFileType = wrapper.application; includeInIndex = 0; path = MoviesApp.app; sourceTree = BUILT_PRODUCTS_DIR; };
		054B1CE32A8D9C2D002CCC2B /* MoviesAppApp.swift */ = {isa = PBXFileReference; lastKnownFileType = sourcecode.swift; path = MoviesAppApp.swift; sourceTree = "<group>"; };
		054B1CE52A8D9C2D002CCC2B /* ContentView.swift */ = {isa = PBXFileReference; lastKnownFileType = sourcecode.swift; path = ContentView.swift; sourceTree = "<group>"; };
		054B1CE72A8D9C2F002CCC2B /* Assets.xcassets */ = {isa = PBXFileReference; lastKnownFileType = folder.assetcatalog; path = Assets.xcassets; sourceTree = "<group>"; };
		054B1CEA2A8D9C2F002CCC2B /* Preview Assets.xcassets */ = {isa = PBXFileReference; lastKnownFileType = folder.assetcatalog; path = "Preview Assets.xcassets"; sourceTree = "<group>"; };
		054B1CF02A8D9C2F002CCC2B /* MoviesAppTests.xctest */ = {isa = PBXFileReference; explicitFileType = wrapper.cfbundle; includeInIndex = 0; path = MoviesAppTests.xctest; sourceTree = BUILT_PRODUCTS_DIR; };
		054B1CF42A8D9C2F002CCC2B /* MoviesAppTests.swift */ = {isa = PBXFileReference; lastKnownFileType = sourcecode.swift; path = MoviesAppTests.swift; sourceTree = "<group>"; };
		054B1CFA2A8D9C2F002CCC2B /* MoviesAppUITests.xctest */ = {isa = PBXFileReference; explicitFileType = wrapper.cfbundle; includeInIndex = 0; path = MoviesAppUITests.xctest; sourceTree = BUILT_PRODUCTS_DIR; };
		054B1CFE2A8D9C2F002CCC2B /* MoviesAppUITests.swift */ = {isa = PBXFileReference; lastKnownFileType = sourcecode.swift; path = MoviesAppUITests.swift; sourceTree = "<group>"; };
		054B1D002A8D9C2F002CCC2B /* MoviesAppUITestsLaunchTests.swift */ = {isa = PBXFileReference; lastKnownFileType = sourcecode.swift; path = MoviesAppUITestsLaunchTests.swift; sourceTree = "<group>"; };
		054B1D102A8D9E2D002CCC2B /* LoginView.swift */ = {isa = PBXFileReference; lastKnownFileType = sourcecode.swift; path = LoginView.swift; sourceTree = "<group>"; };
		054B1D122A8DCFC3002CCC2B /* Request.swift */ = {isa = PBXFileReference; lastKnownFileType = sourcecode.swift; path = Request.swift; sourceTree = "<group>"; };
		054B1D142A8DD137002CCC2B /* Network.swift */ = {isa = PBXFileReference; lastKnownFileType = sourcecode.swift; path = Network.swift; sourceTree = "<group>"; };
		05FF149A2A8FF4CC00D34801 /* MovieRequestModel.swift */ = {isa = PBXFileReference; lastKnownFileType = sourcecode.swift; path = MovieRequestModel.swift; sourceTree = "<group>"; };
		05FF149C2A8FF96300D34801 /* MovieView.swift */ = {isa = PBXFileReference; lastKnownFileType = sourcecode.swift; path = MovieView.swift; sourceTree = "<group>"; };
		05FF149E2A8FF9A500D34801 /* MovieVM.swift */ = {isa = PBXFileReference; lastKnownFileType = sourcecode.swift; path = MovieVM.swift; sourceTree = "<group>"; };
/* End PBXFileReference section */

/* Begin PBXFrameworksBuildPhase section */
		054B1CDD2A8D9C2D002CCC2B /* Frameworks */ = {
			isa = PBXFrameworksBuildPhase;
			buildActionMask = 2147483647;
			files = (
			);
			runOnlyForDeploymentPostprocessing = 0;
		};
		054B1CED2A8D9C2F002CCC2B /* Frameworks */ = {
			isa = PBXFrameworksBuildPhase;
			buildActionMask = 2147483647;
			files = (
			);
			runOnlyForDeploymentPostprocessing = 0;
		};
		054B1CF72A8D9C2F002CCC2B /* Frameworks */ = {
			isa = PBXFrameworksBuildPhase;
			buildActionMask = 2147483647;
			files = (
			);
			runOnlyForDeploymentPostprocessing = 0;
		};
/* End PBXFrameworksBuildPhase section */

/* Begin PBXGroup section */
		050DD9DC2A8E9101003FFF0A /* Repository */ = {
			isa = PBXGroup;
			children = (
				050DD9DA2A8E90FE003FFF0A /* AuthenticateRepository.swift */,
				050DD9E72A8EEECE003FFF0A /* MovieRepository.swift */,
			);
			path = Repository;
			sourceTree = "<group>";
		};
		050DD9DD2A8EA039003FFF0A /* Response */ = {
			isa = PBXGroup;
			children = (
				050DD9DE2A8EA048003FFF0A /* SessionResponse.swift */,
			);
			path = Response;
			sourceTree = "<group>";
		};
		050DD9E22A8EECC0003FFF0A /* Request */ = {
			isa = PBXGroup;
			children = (
				050DD9D42A8E88AB003FFF0A /* AuthenticateModel.swift */,
				050DD9E02A8EA621003FFF0A /* TokenModel.swift */,
				050DD9E32A8EECD7003FFF0A /* GenreModel.swift */,
				05FF149A2A8FF4CC00D34801 /* MovieRequestModel.swift */,
			);
			path = Request;
			sourceTree = "<group>";
		};
		054B1CD72A8D9C2D002CCC2B = {
			isa = PBXGroup;
			children = (
				054B1CE22A8D9C2D002CCC2B /* MoviesApp */,
				054B1CF32A8D9C2F002CCC2B /* MoviesAppTests */,
				054B1CFD2A8D9C2F002CCC2B /* MoviesAppUITests */,
				054B1CE12A8D9C2D002CCC2B /* Products */,
			);
			sourceTree = "<group>";
		};
		054B1CE12A8D9C2D002CCC2B /* Products */ = {
			isa = PBXGroup;
			children = (
				054B1CE02A8D9C2D002CCC2B /* MoviesApp.app */,
				054B1CF02A8D9C2F002CCC2B /* MoviesAppTests.xctest */,
				054B1CFA2A8D9C2F002CCC2B /* MoviesAppUITests.xctest */,
			);
			name = Products;
			sourceTree = "<group>";
		};
		054B1CE22A8D9C2D002CCC2B /* MoviesApp */ = {
			isa = PBXGroup;
			children = (
				050DD9DD2A8EA039003FFF0A /* Response */,
				050DD9DC2A8E9101003FFF0A /* Repository */,
				054B1D0D2A8D9C37002CCC2B /* Model */,
				054B1D0F2A8D9C45002CCC2B /* View */,
				054B1D0E2A8D9C3C002CCC2B /* ViewModel */,
				054B1CE32A8D9C2D002CCC2B /* MoviesAppApp.swift */,
				054B1CE52A8D9C2D002CCC2B /* ContentView.swift */,
				054B1CE72A8D9C2F002CCC2B /* Assets.xcassets */,
				054B1CE92A8D9C2F002CCC2B /* Preview Content */,
				054B1D122A8DCFC3002CCC2B /* Request.swift */,
				054B1D142A8DD137002CCC2B /* Network.swift */,
			);
			path = MoviesApp;
			sourceTree = "<group>";
		};
		054B1CE92A8D9C2F002CCC2B /* Preview Content */ = {
			isa = PBXGroup;
			children = (
				054B1CEA2A8D9C2F002CCC2B /* Preview Assets.xcassets */,
			);
			path = "Preview Content";
			sourceTree = "<group>";
		};
		054B1CF32A8D9C2F002CCC2B /* MoviesAppTests */ = {
			isa = PBXGroup;
			children = (
				054B1CF42A8D9C2F002CCC2B /* MoviesAppTests.swift */,
			);
			path = MoviesAppTests;
			sourceTree = "<group>";
		};
		054B1CFD2A8D9C2F002CCC2B /* MoviesAppUITests */ = {
			isa = PBXGroup;
			children = (
				054B1CFE2A8D9C2F002CCC2B /* MoviesAppUITests.swift */,
				054B1D002A8D9C2F002CCC2B /* MoviesAppUITestsLaunchTests.swift */,
			);
			path = MoviesAppUITests;
			sourceTree = "<group>";
		};
		054B1D0D2A8D9C37002CCC2B /* Model */ = {
			isa = PBXGroup;
			children = (
				050DD9E22A8EECC0003FFF0A /* Request */,
				050DD9D62A8E8900003FFF0A /* User.swift */,
				050DD9E52A8EECF1003FFF0A /* GenreDTO.swift */,
				050DD9E92A8F231D003FFF0A /* MovieDTO.swift */,
			);
			path = Model;
			sourceTree = "<group>";
		};
		054B1D0E2A8D9C3C002CCC2B /* ViewModel */ = {
			isa = PBXGroup;
			children = (
				050DD9D82A8E8FEB003FFF0A /* AuthenticateVM.swift */,
				05FF149E2A8FF9A500D34801 /* MovieVM.swift */,
			);
			path = ViewModel;
			sourceTree = "<group>";
		};
		054B1D0F2A8D9C45002CCC2B /* View */ = {
			isa = PBXGroup;
			children = (
				054B1D102A8D9E2D002CCC2B /* LoginView.swift */,
				05FF149C2A8FF96300D34801 /* MovieView.swift */,
			);
			path = View;
			sourceTree = "<group>";
		};
/* End PBXGroup section */

/* Begin PBXNativeTarget section */
		054B1CDF2A8D9C2D002CCC2B /* MoviesApp */ = {
			isa = PBXNativeTarget;
			buildConfigurationList = 054B1D042A8D9C2F002CCC2B /* Build configuration list for PBXNativeTarget "MoviesApp" */;
			buildPhases = (
				054B1CDC2A8D9C2D002CCC2B /* Sources */,
				054B1CDD2A8D9C2D002CCC2B /* Frameworks */,
				054B1CDE2A8D9C2D002CCC2B /* Resources */,
			);
			buildRules = (
			);
			dependencies = (
			);
			name = MoviesApp;
			productName = MoviesApp;
			productReference = 054B1CE02A8D9C2D002CCC2B /* MoviesApp.app */;
			productType = "com.apple.product-type.application";
		};
		054B1CEF2A8D9C2F002CCC2B /* MoviesAppTests */ = {
			isa = PBXNativeTarget;
			buildConfigurationList = 054B1D072A8D9C2F002CCC2B /* Build configuration list for PBXNativeTarget "MoviesAppTests" */;
			buildPhases = (
				054B1CEC2A8D9C2F002CCC2B /* Sources */,
				054B1CED2A8D9C2F002CCC2B /* Frameworks */,
				054B1CEE2A8D9C2F002CCC2B /* Resources */,
			);
			buildRules = (
			);
			dependencies = (
				054B1CF22A8D9C2F002CCC2B /* PBXTargetDependency */,
			);
			name = MoviesAppTests;
			productName = MoviesAppTests;
			productReference = 054B1CF02A8D9C2F002CCC2B /* MoviesAppTests.xctest */;
			productType = "com.apple.product-type.bundle.unit-test";
		};
		054B1CF92A8D9C2F002CCC2B /* MoviesAppUITests */ = {
			isa = PBXNativeTarget;
			buildConfigurationList = 054B1D0A2A8D9C2F002CCC2B /* Build configuration list for PBXNativeTarget "MoviesAppUITests" */;
			buildPhases = (
				054B1CF62A8D9C2F002CCC2B /* Sources */,
				054B1CF72A8D9C2F002CCC2B /* Frameworks */,
				054B1CF82A8D9C2F002CCC2B /* Resources */,
			);
			buildRules = (
			);
			dependencies = (
				054B1CFC2A8D9C2F002CCC2B /* PBXTargetDependency */,
			);
			name = MoviesAppUITests;
			productName = MoviesAppUITests;
			productReference = 054B1CFA2A8D9C2F002CCC2B /* MoviesAppUITests.xctest */;
			productType = "com.apple.product-type.bundle.ui-testing";
		};
/* End PBXNativeTarget section */

/* Begin PBXProject section */
		054B1CD82A8D9C2D002CCC2B /* Project object */ = {
			isa = PBXProject;
			attributes = {
				BuildIndependentTargetsInParallel = 1;
				LastSwiftUpdateCheck = 1430;
				LastUpgradeCheck = 1430;
				TargetAttributes = {
					054B1CDF2A8D9C2D002CCC2B = {
						CreatedOnToolsVersion = 14.3.1;
					};
					054B1CEF2A8D9C2F002CCC2B = {
						CreatedOnToolsVersion = 14.3.1;
						TestTargetID = 054B1CDF2A8D9C2D002CCC2B;
					};
					054B1CF92A8D9C2F002CCC2B = {
						CreatedOnToolsVersion = 14.3.1;
						TestTargetID = 054B1CDF2A8D9C2D002CCC2B;
					};
				};
			};
			buildConfigurationList = 054B1CDB2A8D9C2D002CCC2B /* Build configuration list for PBXProject "MoviesApp" */;
			compatibilityVersion = "Xcode 14.0";
			developmentRegion = en;
			hasScannedForEncodings = 0;
			knownRegions = (
				en,
				Base,
			);
			mainGroup = 054B1CD72A8D9C2D002CCC2B;
			productRefGroup = 054B1CE12A8D9C2D002CCC2B /* Products */;
			projectDirPath = "";
			projectRoot = "";
			targets = (
				054B1CDF2A8D9C2D002CCC2B /* MoviesApp */,
				054B1CEF2A8D9C2F002CCC2B /* MoviesAppTests */,
				054B1CF92A8D9C2F002CCC2B /* MoviesAppUITests */,
			);
		};
/* End PBXProject section */

/* Begin PBXResourcesBuildPhase section */
		054B1CDE2A8D9C2D002CCC2B /* Resources */ = {
			isa = PBXResourcesBuildPhase;
			buildActionMask = 2147483647;
			files = (
				054B1CEB2A8D9C2F002CCC2B /* Preview Assets.xcassets in Resources */,
				054B1CE82A8D9C2F002CCC2B /* Assets.xcassets in Resources */,
			);
			runOnlyForDeploymentPostprocessing = 0;
		};
		054B1CEE2A8D9C2F002CCC2B /* Resources */ = {
			isa = PBXResourcesBuildPhase;
			buildActionMask = 2147483647;
			files = (
			);
			runOnlyForDeploymentPostprocessing = 0;
		};
		054B1CF82A8D9C2F002CCC2B /* Resources */ = {
			isa = PBXResourcesBuildPhase;
			buildActionMask = 2147483647;
			files = (
			);
			runOnlyForDeploymentPostprocessing = 0;
		};
/* End PBXResourcesBuildPhase section */

/* Begin PBXSourcesBuildPhase section */
		054B1CDC2A8D9C2D002CCC2B /* Sources */ = {
			isa = PBXSourcesBuildPhase;
			buildActionMask = 2147483647;
			files = (
				050DD9D52A8E88AB003FFF0A /* AuthenticateModel.swift in Sources */,
				050DD9EA2A8F231D003FFF0A /* MovieDTO.swift in Sources */,
				050DD9E62A8EECF1003FFF0A /* GenreDTO.swift in Sources */,
				050DD9E12A8EA621003FFF0A /* TokenModel.swift in Sources */,
				050DD9DF2A8EA048003FFF0A /* SessionResponse.swift in Sources */,
				050DD9E82A8EEECE003FFF0A /* MovieRepository.swift in Sources */,
				050DD9D92A8E8FEB003FFF0A /* AuthenticateVM.swift in Sources */,
				054B1D152A8DD137002CCC2B /* Network.swift in Sources */,
				054B1D112A8D9E2D002CCC2B /* LoginView.swift in Sources */,
				054B1D132A8DCFC3002CCC2B /* Request.swift in Sources */,
				054B1CE62A8D9C2D002CCC2B /* ContentView.swift in Sources */,
				054B1CE42A8D9C2D002CCC2B /* MoviesAppApp.swift in Sources */,
				05FF149B2A8FF4CC00D34801 /* MovieRequestModel.swift in Sources */,
				050DD9D72A8E8900003FFF0A /* User.swift in Sources */,
				050DD9E42A8EECD7003FFF0A /* GenreModel.swift in Sources */,
				05FF149F2A8FF9A500D34801 /* MovieVM.swift in Sources */,
				050DD9DB2A8E90FE003FFF0A /* AuthenticateRepository.swift in Sources */,
				05FF149D2A8FF96300D34801 /* MovieView.swift in Sources */,
			);
			runOnlyForDeploymentPostprocessing = 0;
		};
		054B1CEC2A8D9C2F002CCC2B /* Sources */ = {
			isa = PBXSourcesBuildPhase;
			buildActionMask = 2147483647;
			files = (
				054B1CF52A8D9C2F002CCC2B /* MoviesAppTests.swift in Sources */,
			);
			runOnlyForDeploymentPostprocessing = 0;
		};
		054B1CF62A8D9C2F002CCC2B /* Sources */ = {
			isa = PBXSourcesBuildPhase;
			buildActionMask = 2147483647;
			files = (
				054B1CFF2A8D9C2F002CCC2B /* MoviesAppUITests.swift in Sources */,
				054B1D012A8D9C2F002CCC2B /* MoviesAppUITestsLaunchTests.swift in Sources */,
			);
			runOnlyForDeploymentPostprocessing = 0;
		};
/* End PBXSourcesBuildPhase section */

/* Begin PBXTargetDependency section */
		054B1CF22A8D9C2F002CCC2B /* PBXTargetDependency */ = {
			isa = PBXTargetDependency;
			target = 054B1CDF2A8D9C2D002CCC2B /* MoviesApp */;
			targetProxy = 054B1CF12A8D9C2F002CCC2B /* PBXContainerItemProxy */;
		};
		054B1CFC2A8D9C2F002CCC2B /* PBXTargetDependency */ = {
			isa = PBXTargetDependency;
			target = 054B1CDF2A8D9C2D002CCC2B /* MoviesApp */;
			targetProxy = 054B1CFB2A8D9C2F002CCC2B /* PBXContainerItemProxy */;
		};
/* End PBXTargetDependency section */

/* Begin XCBuildConfiguration section */
		054B1D022A8D9C2F002CCC2B /* Debug */ = {
			isa = XCBuildConfiguration;
			buildSettings = {
				ALWAYS_SEARCH_USER_PATHS = NO;
				CLANG_ANALYZER_NONNULL = YES;
				CLANG_ANALYZER_NUMBER_OBJECT_CONVERSION = YES_AGGRESSIVE;
				CLANG_CXX_LANGUAGE_STANDARD = "gnu++20";
				CLANG_ENABLE_MODULES = YES;
				CLANG_ENABLE_OBJC_ARC = YES;
				CLANG_ENABLE_OBJC_WEAK = YES;
				CLANG_WARN_BLOCK_CAPTURE_AUTORELEASING = YES;
				CLANG_WARN_BOOL_CONVERSION = YES;
				CLANG_WARN_COMMA = YES;
				CLANG_WARN_CONSTANT_CONVERSION = YES;
				CLANG_WARN_DEPRECATED_OBJC_IMPLEMENTATIONS = YES;
				CLANG_WARN_DIRECT_OBJC_ISA_USAGE = YES_ERROR;
				CLANG_WARN_DOCUMENTATION_COMMENTS = YES;
				CLANG_WARN_EMPTY_BODY = YES;
				CLANG_WARN_ENUM_CONVERSION = YES;
				CLANG_WARN_INFINITE_RECURSION = YES;
				CLANG_WARN_INT_CONVERSION = YES;
				CLANG_WARN_NON_LITERAL_NULL_CONVERSION = YES;
				CLANG_WARN_OBJC_IMPLICIT_RETAIN_SELF = YES;
				CLANG_WARN_OBJC_LITERAL_CONVERSION = YES;
				CLANG_WARN_OBJC_ROOT_CLASS = YES_ERROR;
				CLANG_WARN_QUOTED_INCLUDE_IN_FRAMEWORK_HEADER = YES;
				CLANG_WARN_RANGE_LOOP_ANALYSIS = YES;
				CLANG_WARN_STRICT_PROTOTYPES = YES;
				CLANG_WARN_SUSPICIOUS_MOVE = YES;
				CLANG_WARN_UNGUARDED_AVAILABILITY = YES_AGGRESSIVE;
				CLANG_WARN_UNREACHABLE_CODE = YES;
				CLANG_WARN__DUPLICATE_METHOD_MATCH = YES;
				COPY_PHASE_STRIP = NO;
				DEBUG_INFORMATION_FORMAT = dwarf;
				ENABLE_STRICT_OBJC_MSGSEND = YES;
				ENABLE_TESTABILITY = YES;
				GCC_C_LANGUAGE_STANDARD = gnu11;
				GCC_DYNAMIC_NO_PIC = NO;
				GCC_NO_COMMON_BLOCKS = YES;
				GCC_OPTIMIZATION_LEVEL = 0;
				GCC_PREPROCESSOR_DEFINITIONS = (
					"DEBUG=1",
					"$(inherited)",
				);
				GCC_WARN_64_TO_32_BIT_CONVERSION = YES;
				GCC_WARN_ABOUT_RETURN_TYPE = YES_ERROR;
				GCC_WARN_UNDECLARED_SELECTOR = YES;
				GCC_WARN_UNINITIALIZED_AUTOS = YES_AGGRESSIVE;
				GCC_WARN_UNUSED_FUNCTION = YES;
				GCC_WARN_UNUSED_VARIABLE = YES;
				IPHONEOS_DEPLOYMENT_TARGET = 16.4;
				MTL_ENABLE_DEBUG_INFO = INCLUDE_SOURCE;
				MTL_FAST_MATH = YES;
				ONLY_ACTIVE_ARCH = YES;
				SDKROOT = iphoneos;
				SWIFT_ACTIVE_COMPILATION_CONDITIONS = DEBUG;
				SWIFT_OPTIMIZATION_LEVEL = "-Onone";
			};
			name = Debug;
		};
		054B1D032A8D9C2F002CCC2B /* Release */ = {
			isa = XCBuildConfiguration;
			buildSettings = {
				ALWAYS_SEARCH_USER_PATHS = NO;
				CLANG_ANALYZER_NONNULL = YES;
				CLANG_ANALYZER_NUMBER_OBJECT_CONVERSION = YES_AGGRESSIVE;
				CLANG_CXX_LANGUAGE_STANDARD = "gnu++20";
				CLANG_ENABLE_MODULES = YES;
				CLANG_ENABLE_OBJC_ARC = YES;
				CLANG_ENABLE_OBJC_WEAK = YES;
				CLANG_WARN_BLOCK_CAPTURE_AUTORELEASING = YES;
				CLANG_WARN_BOOL_CONVERSION = YES;
				CLANG_WARN_COMMA = YES;
				CLANG_WARN_CONSTANT_CONVERSION = YES;
				CLANG_WARN_DEPRECATED_OBJC_IMPLEMENTATIONS = YES;
				CLANG_WARN_DIRECT_OBJC_ISA_USAGE = YES_ERROR;
				CLANG_WARN_DOCUMENTATION_COMMENTS = YES;
				CLANG_WARN_EMPTY_BODY = YES;
				CLANG_WARN_ENUM_CONVERSION = YES;
				CLANG_WARN_INFINITE_RECURSION = YES;
				CLANG_WARN_INT_CONVERSION = YES;
				CLANG_WARN_NON_LITERAL_NULL_CONVERSION = YES;
				CLANG_WARN_OBJC_IMPLICIT_RETAIN_SELF = YES;
				CLANG_WARN_OBJC_LITERAL_CONVERSION = YES;
				CLANG_WARN_OBJC_ROOT_CLASS = YES_ERROR;
				CLANG_WARN_QUOTED_INCLUDE_IN_FRAMEWORK_HEADER = YES;
				CLANG_WARN_RANGE_LOOP_ANALYSIS = YES;
				CLANG_WARN_STRICT_PROTOTYPES = YES;
				CLANG_WARN_SUSPICIOUS_MOVE = YES;
				CLANG_WARN_UNGUARDED_AVAILABILITY = YES_AGGRESSIVE;
				CLANG_WARN_UNREACHABLE_CODE = YES;
				CLANG_WARN__DUPLICATE_METHOD_MATCH = YES;
				COPY_PHASE_STRIP = NO;
				DEBUG_INFORMATION_FORMAT = "dwarf-with-dsym";
				ENABLE_NS_ASSERTIONS = NO;
				ENABLE_STRICT_OBJC_MSGSEND = YES;
				GCC_C_LANGUAGE_STANDARD = gnu11;
				GCC_NO_COMMON_BLOCKS = YES;
				GCC_WARN_64_TO_32_BIT_CONVERSION = YES;
				GCC_WARN_ABOUT_RETURN_TYPE = YES_ERROR;
				GCC_WARN_UNDECLARED_SELECTOR = YES;
				GCC_WARN_UNINITIALIZED_AUTOS = YES_AGGRESSIVE;
				GCC_WARN_UNUSED_FUNCTION = YES;
				GCC_WARN_UNUSED_VARIABLE = YES;
				IPHONEOS_DEPLOYMENT_TARGET = 16.4;
				MTL_ENABLE_DEBUG_INFO = NO;
				MTL_FAST_MATH = YES;
				SDKROOT = iphoneos;
				SWIFT_COMPILATION_MODE = wholemodule;
				SWIFT_OPTIMIZATION_LEVEL = "-O";
				VALIDATE_PRODUCT = YES;
			};
			name = Release;
		};
		054B1D052A8D9C2F002CCC2B /* Debug */ = {
			isa = XCBuildConfiguration;
			buildSettings = {
				ASSETCATALOG_COMPILER_APPICON_NAME = AppIcon;
				ASSETCATALOG_COMPILER_GLOBAL_ACCENT_COLOR_NAME = AccentColor;
				CODE_SIGN_STYLE = Automatic;
				CURRENT_PROJECT_VERSION = 1;
				DEVELOPMENT_ASSET_PATHS = "\"MoviesApp/Preview Content\"";
				ENABLE_PREVIEWS = YES;
				GENERATE_INFOPLIST_FILE = YES;
				INFOPLIST_KEY_UIApplicationSceneManifest_Generation = YES;
				INFOPLIST_KEY_UIApplicationSupportsIndirectInputEvents = YES;
				INFOPLIST_KEY_UILaunchScreen_Generation = YES;
				INFOPLIST_KEY_UISupportedInterfaceOrientations_iPad = "UIInterfaceOrientationPortrait UIInterfaceOrientationPortraitUpsideDown UIInterfaceOrientationLandscapeLeft UIInterfaceOrientationLandscapeRight";
				INFOPLIST_KEY_UISupportedInterfaceOrientations_iPhone = "UIInterfaceOrientationPortrait UIInterfaceOrientationLandscapeLeft UIInterfaceOrientationLandscapeRight";
				LD_RUNPATH_SEARCH_PATHS = (
					"$(inherited)",
					"@executable_path/Frameworks",
				);
				MARKETING_VERSION = 1.0;
				PRODUCT_BUNDLE_IDENTIFIER = com.aldair.dev369.MoviesApp;
				PRODUCT_NAME = "$(TARGET_NAME)";
				SWIFT_EMIT_LOC_STRINGS = YES;
				SWIFT_VERSION = 5.0;
				TARGETED_DEVICE_FAMILY = "1,2";
			};
			name = Debug;
		};
		054B1D062A8D9C2F002CCC2B /* Release */ = {
			isa = XCBuildConfiguration;
			buildSettings = {
				ASSETCATALOG_COMPILER_APPICON_NAME = AppIcon;
				ASSETCATALOG_COMPILER_GLOBAL_ACCENT_COLOR_NAME = AccentColor;
				CODE_SIGN_STYLE = Automatic;
				CURRENT_PROJECT_VERSION = 1;
				DEVELOPMENT_ASSET_PATHS = "\"MoviesApp/Preview Content\"";
				ENABLE_PREVIEWS = YES;
				GENERATE_INFOPLIST_FILE = YES;
				INFOPLIST_KEY_UIApplicationSceneManifest_Generation = YES;
				INFOPLIST_KEY_UIApplicationSupportsIndirectInputEvents = YES;
				INFOPLIST_KEY_UILaunchScreen_Generation = YES;
				INFOPLIST_KEY_UISupportedInterfaceOrientations_iPad = "UIInterfaceOrientationPortrait UIInterfaceOrientationPortraitUpsideDown UIInterfaceOrientationLandscapeLeft UIInterfaceOrientationLandscapeRight";
				INFOPLIST_KEY_UISupportedInterfaceOrientations_iPhone = "UIInterfaceOrientationPortrait UIInterfaceOrientationLandscapeLeft UIInterfaceOrientationLandscapeRight";
				LD_RUNPATH_SEARCH_PATHS = (
					"$(inherited)",
					"@executable_path/Frameworks",
				);
				MARKETING_VERSION = 1.0;
				PRODUCT_BUNDLE_IDENTIFIER = com.aldair.dev369.MoviesApp;
				PRODUCT_NAME = "$(TARGET_NAME)";
				SWIFT_EMIT_LOC_STRINGS = YES;
				SWIFT_VERSION = 5.0;
				TARGETED_DEVICE_FAMILY = "1,2";
			};
			name = Release;
		};
		054B1D082A8D9C2F002CCC2B /* Debug */ = {
			isa = XCBuildConfiguration;
			buildSettings = {
				ALWAYS_EMBED_SWIFT_STANDARD_LIBRARIES = YES;
				BUNDLE_LOADER = "$(TEST_HOST)";
				CODE_SIGN_STYLE = Automatic;
				CURRENT_PROJECT_VERSION = 1;
				GENERATE_INFOPLIST_FILE = YES;
				IPHONEOS_DEPLOYMENT_TARGET = 16.4;
				MARKETING_VERSION = 1.0;
				PRODUCT_BUNDLE_IDENTIFIER = com.aldair.dev369.MoviesAppTests;
				PRODUCT_NAME = "$(TARGET_NAME)";
				SWIFT_EMIT_LOC_STRINGS = NO;
				SWIFT_VERSION = 5.0;
				TARGETED_DEVICE_FAMILY = "1,2";
				TEST_HOST = "$(BUILT_PRODUCTS_DIR)/MoviesApp.app/$(BUNDLE_EXECUTABLE_FOLDER_PATH)/MoviesApp";
			};
			name = Debug;
		};
		054B1D092A8D9C2F002CCC2B /* Release */ = {
			isa = XCBuildConfiguration;
			buildSettings = {
				ALWAYS_EMBED_SWIFT_STANDARD_LIBRARIES = YES;
				BUNDLE_LOADER = "$(TEST_HOST)";
				CODE_SIGN_STYLE = Automatic;
				CURRENT_PROJECT_VERSION = 1;
				GENERATE_INFOPLIST_FILE = YES;
				IPHONEOS_DEPLOYMENT_TARGET = 16.4;
				MARKETING_VERSION = 1.0;
				PRODUCT_BUNDLE_IDENTIFIER = com.aldair.dev369.MoviesAppTests;
				PRODUCT_NAME = "$(TARGET_NAME)";
				SWIFT_EMIT_LOC_STRINGS = NO;
				SWIFT_VERSION = 5.0;
				TARGETED_DEVICE_FAMILY = "1,2";
				TEST_HOST = "$(BUILT_PRODUCTS_DIR)/MoviesApp.app/$(BUNDLE_EXECUTABLE_FOLDER_PATH)/MoviesApp";
			};
			name = Release;
		};
		054B1D0B2A8D9C2F002CCC2B /* Debug */ = {
			isa = XCBuildConfiguration;
			buildSettings = {
				ALWAYS_EMBED_SWIFT_STANDARD_LIBRARIES = YES;
				CODE_SIGN_STYLE = Automatic;
				CURRENT_PROJECT_VERSION = 1;
				GENERATE_INFOPLIST_FILE = YES;
				MARKETING_VERSION = 1.0;
				PRODUCT_BUNDLE_IDENTIFIER = com.aldair.dev369.MoviesAppUITests;
				PRODUCT_NAME = "$(TARGET_NAME)";
				SWIFT_EMIT_LOC_STRINGS = NO;
				SWIFT_VERSION = 5.0;
				TARGETED_DEVICE_FAMILY = "1,2";
				TEST_TARGET_NAME = MoviesApp;
			};
			name = Debug;
		};
		054B1D0C2A8D9C2F002CCC2B /* Release */ = {
			isa = XCBuildConfiguration;
			buildSettings = {
				ALWAYS_EMBED_SWIFT_STANDARD_LIBRARIES = YES;
				CODE_SIGN_STYLE = Automatic;
				CURRENT_PROJECT_VERSION = 1;
				GENERATE_INFOPLIST_FILE = YES;
				MARKETING_VERSION = 1.0;
				PRODUCT_BUNDLE_IDENTIFIER = com.aldair.dev369.MoviesAppUITests;
				PRODUCT_NAME = "$(TARGET_NAME)";
				SWIFT_EMIT_LOC_STRINGS = NO;
				SWIFT_VERSION = 5.0;
				TARGETED_DEVICE_FAMILY = "1,2";
				TEST_TARGET_NAME = MoviesApp;
			};
			name = Release;
		};
/* End XCBuildConfiguration section */

/* Begin XCConfigurationList section */
		054B1CDB2A8D9C2D002CCC2B /* Build configuration list for PBXProject "MoviesApp" */ = {
			isa = XCConfigurationList;
			buildConfigurations = (
				054B1D022A8D9C2F002CCC2B /* Debug */,
				054B1D032A8D9C2F002CCC2B /* Release */,
			);
			defaultConfigurationIsVisible = 0;
			defaultConfigurationName = Release;
		};
		054B1D042A8D9C2F002CCC2B /* Build configuration list for PBXNativeTarget "MoviesApp" */ = {
			isa = XCConfigurationList;
			buildConfigurations = (
				054B1D052A8D9C2F002CCC2B /* Debug */,
				054B1D062A8D9C2F002CCC2B /* Release */,
			);
			defaultConfigurationIsVisible = 0;
			defaultConfigurationName = Release;
		};
		054B1D072A8D9C2F002CCC2B /* Build configuration list for PBXNativeTarget "MoviesAppTests" */ = {
			isa = XCConfigurationList;
			buildConfigurations = (
				054B1D082A8D9C2F002CCC2B /* Debug */,
				054B1D092A8D9C2F002CCC2B /* Release */,
			);
			defaultConfigurationIsVisible = 0;
			defaultConfigurationName = Release;
		};
		054B1D0A2A8D9C2F002CCC2B /* Build configuration list for PBXNativeTarget "MoviesAppUITests" */ = {
			isa = XCConfigurationList;
			buildConfigurations = (
				054B1D0B2A8D9C2F002CCC2B /* Debug */,
				054B1D0C2A8D9C2F002CCC2B /* Release */,
			);
			defaultConfigurationIsVisible = 0;
			defaultConfigurationName = Release;
		};
/* End XCConfigurationList section */
	};
	rootObject = 054B1CD82A8D9C2D002CCC2B /* Project object */;
}
